
Microsoft Visual Studio Solution File, Format Version 12.00
# Visual Studio 15
VisualStudioVersion = 15.0.27703.2000
MinimumVisualStudioVersion = 10.0.40219.1
Project("{2150E333-8FDC-42A3-9474-1A3956D46DE8}") = "docs", "docs", "{7E742FFB-AA57-4E48-A99D-00175BDE483B}"
	ProjectSection(SolutionItems) = preProject
		docs\Billingware.docx = docs\Billingware.docx
	EndProjectSection
EndProject
Project("{2150E333-8FDC-42A3-9474-1A3956D46DE8}") = "Api", "Api", "{AF2EF574-0F04-4258-9EC4-5E02F98F2086}"
EndProject
Project("{2150E333-8FDC-42A3-9474-1A3956D46DE8}") = "Core", "Core", "{2315BED3-12B3-43E3-8D5F-204A2043CE86}"
EndProject
Project("{2150E333-8FDC-42A3-9474-1A3956D46DE8}") = "Data", "Data", "{F84CF073-C354-460A-8946-5DB3358C556E}"
EndProject
Global
	GlobalSection(SolutionProperties) = preSolution
		HideSolutionNode = FALSE
	EndGlobalSection
	GlobalSection(ExtensibilityGlobals) = postSolution
		SolutionGuid = {8DA1D2DB-3006-40B1-80D8-D80C639DB19E}
	EndGlobalSection
EndGlobal
